
Microsoft Visual Studio Solution File, Format Version 12.00
Project("{FAE04EC0-301F-11D3-BF4B-00C04F79EFBC}") = "FS_QoL_Mod", "FS_QoL_Mod\FS_QoL_Mod.csproj", "{66CEBE25-0F07-474A-B734-D0B3FD582854}"
EndProject
Global
	GlobalSection(SolutionConfigurationPlatforms) = preSolution
		Debug|Any CPU = Debug|Any CPU
		Release|Any CPU = Release|Any CPU
	EndGlobalSection
	GlobalSection(ProjectConfigurationPlatforms) = postSolution
		{66CEBE25-0F07-474A-B734-D0B3FD582854}.Debug|Any CPU.ActiveCfg = Debug|Any CPU
		{66CEBE25-0F07-474A-B734-D0B3FD582854}.Debug|Any CPU.Build.0 = Debug|Any CPU
		{66CEBE25-0F07-474A-B734-D0B3FD582854}.Release|Any CPU.ActiveCfg = Release|Any CPU
		{66CEBE25-0F07-474A-B734-D0B3FD582854}.Release|Any CPU.Build.0 = Release|Any CPU
	EndGlobalSection
EndGlobal
